<?xml version="1.0" encoding="utf-8"?>
<Project ToolsVersion="4.0" xmlns="http://schemas.microsoft.com/developer/msbuild/2003">
  <ItemGroup>
    <Filter Include="Source Files">
      <UniqueIdentifier>{4FC737F1-C7A5-4376-A066-2A32D752A2FF}</UniqueIdentifier>
      <Extensions>cpp;c;cc;cxx;def;odl;idl;hpj;bat;asm;asmx</Extensions>
    </Filter>
    <Filter Include="Header Files">
      <UniqueIdentifier>{93995380-89BD-4b04-88EB-625FBE52EBFB}</UniqueIdentifier>
      <Extensions>h;hh;hpp;hxx;hm;inl;inc;xsd</Extensions>
    </Filter>
    <Filter Include="Resource Files">
      <UniqueIdentifier>{67DA6AB6-F800-4c08-8B7A-83BB121AAD01}</UniqueIdentifier>
      <Extensions>rc;ico;cur;bmp;dlg;rc2;rct;bin;rgs;gif;jpg;jpeg;jpe;resx;tiff;tif;png;wav;mfcribbon-ms</Extensions>
    </Filter>
    <Filter Include="Header Files\Math">
      <UniqueIdentifier>{ad42ee80-d434-4811-a72d-421b5a884fc5}</UniqueIdentifier>
      <Extensions>*Math\*</Extensions>
    </Filter>
    <Filter Include="Source Files\Math">
      <UniqueIdentifier>{4d0b15c0-0f54-4b17-9243-2d2e5a4b927d}</UniqueIdentifier>
    </Filter>
    <Filter Include="Shaders">
      <UniqueIdentifier>{d5c75912-e815-4cd1-a01e-7886af204620}</UniqueIdentifier>
      <Extensions>.glsl</Extensions>
    </Filter>
    <Filter Include="Header Files\Exceptions">
      <UniqueIdentifier>{d6ab1264-7a23-4f15-8ebc-992bc5859577}</UniqueIdentifier>
    </Filter>
    <Filter Include="Source Files\Resources">
      <UniqueIdentifier>{3fbecc2f-57b0-4e02-8f8e-c60ec73c311f}</UniqueIdentifier>
    </Filter>
    <Filter Include="Header Files\Resources">
      <UniqueIdentifier>{0ec60f55-0ff0-474d-aa21-3ddf1463f810}</UniqueIdentifier>
    </Filter>
  </ItemGroup>
  <ItemGroup>
    <Text Include="ReadMe.txt" />
  </ItemGroup>
  <ItemGroup>
    <ClInclude Include="Include\CobMath.h">
      <Filter>Header Files</Filter>
    </ClInclude>
    <ClInclude Include="stdafx.h">
      <Filter>Header Files</Filter>
    </ClInclude>
    <ClInclude Include="targetver.h">
      <Filter>Header Files</Filter>
    </ClInclude>
    <ClInclude Include="Include\Math\Matrix.h">
      <Filter>Header Files\Math</Filter>
    </ClInclude>
    <ClInclude Include="Include\Math\Quaterion.h">
      <Filter>Header Files\Math</Filter>
    </ClInclude>
    <ClInclude Include="Include\Math\Vec.h">
      <Filter>Header Files\Math</Filter>
    </ClInclude>
    <ClInclude Include="Include\Logger.h">
      <Filter>Header Files</Filter>
    </ClInclude>
    <ClInclude Include="Include\ControllerRec.h">
      <Filter>Header Files</Filter>
    </ClInclude>
    <ClInclude Include="Include\Mesh.h">
      <Filter>Header Files\Resources</Filter>
    </ClInclude>
    <ClInclude Include="Include\ModelLoader.h">
      <Filter>Header Files\Resources</Filter>
    </ClInclude>
    <ClInclude Include="Include\Texture.h">
      <Filter>Header Files\Resources</Filter>
    </ClInclude>
    <ClInclude Include="Include\Resource.h">
      <Filter>Header Files\Resources</Filter>
    </ClInclude>
    <ClInclude Include="Include\ShaderProgram.h">
      <Filter>Header Files\Resources</Filter>
    </ClInclude>
    <ClInclude Include="Include\Exceptions\IOException.h">
      <Filter>Header Files\Exceptions</Filter>
    </ClInclude>
    <ClInclude Include="Include\Exceptions\MissingResourceException.h">
      <Filter>Header Files\Exceptions</Filter>
    </ClInclude>
    <ClInclude Include="Include\TextureType.h">
      <Filter>Header Files</Filter>
    </ClInclude>
    <ClInclude Include="Include\Material.h">
      <Filter>Header Files</Filter>
    </ClInclude>
  </ItemGroup>
  <ItemGroup>
    <ClCompile Include="CobMath.cpp">
      <Filter>Source Files</Filter>
    </ClCompile>
    <ClCompile Include="CobolGL.cpp">
      <Filter>Source Files</Filter>
    </ClCompile>
    <ClCompile Include="stdafx.cpp">
      <Filter>Source Files</Filter>
    </ClCompile>
    <ClCompile Include="Vec.cpp">
      <Filter>Source Files\Math</Filter>
    </ClCompile>
    <ClCompile Include="Quaterion.cpp">
      <Filter>Source Files\Math</Filter>
    </ClCompile>
    <ClCompile Include="Matrix.cpp">
      <Filter>Source Files\Math</Filter>
    </ClCompile>
    <ClCompile Include="Logger.cpp">
      <Filter>Source Files</Filter>
    </ClCompile>
    <ClCompile Include="ControllerRec.cpp">
      <Filter>Source Files</Filter>
    </ClCompile>
    <ClCompile Include="Mesh.cpp">
      <Filter>Source Files\Resources</Filter>
    </ClCompile>
    <ClCompile Include="ModelLoader.cpp">
      <Filter>Source Files\Resources</Filter>
    </ClCompile>
    <ClCompile Include="Texture.cpp">
      <Filter>Source Files\Resources</Filter>
    </ClCompile>
    <ClCompile Include="ShaderProgram.cpp">
      <Filter>Source Files\Resources</Filter>
    </ClCompile>
    <ClCompile Include="Material.cpp">
      <Filter>Source Files</Filter>
    </ClCompile>
  </ItemGroup>
  <ItemGroup>
    <None Include="packages.config" />
    <None Include="Shaders\light_frag.glsl">
      <Filter>Shaders</Filter>
    </None>
    <None Include="Shaders\simp_frag.glsl">
      <Filter>Shaders</Filter>
    </None>
    <None Include="Shaders\simp_vert.glsl">
      <Filter>Shaders</Filter>
    </None>
    <None Include="Shaders\simpPink_frag.glsl">
      <Filter>Shaders</Filter>
    </None>
    <None Include="Shaders\light_vert.glsl">
      <Filter>Shaders</Filter>
    </None>
  </ItemGroup>
</Project>